// !$*UTF8*$!
{
	archiveVersion = 1;
	classes = {
	};
	objectVersion = 46;
	objects = {

/* Begin PBXBuildFile section */
		5CA89FC956A7C7860D6B7238 /* Pods_microtime_tracker.framework in Frameworks */ = {isa = PBXBuildFile; fileRef = ABE3E4299BF0D99DAB87D688 /* Pods_microtime_tracker.framework */; };
		5F4DA0AC1DCE4347004013E0 /* libsqlite3.tbd in Frameworks */ = {isa = PBXBuildFile; fileRef = 5F4DA0AB1DCE4347004013E0 /* libsqlite3.tbd */; };
		5F8E10691DC4E1270061A226 /* AppDelegate.swift in Sources */ = {isa = PBXBuildFile; fileRef = 5F8E10681DC4E1270061A226 /* AppDelegate.swift */; };
		5F8E106B1DC4E1270061A226 /* ViewController.swift in Sources */ = {isa = PBXBuildFile; fileRef = 5F8E106A1DC4E1270061A226 /* ViewController.swift */; };
		5F8E106E1DC4E1270061A226 /* Main.storyboard in Resources */ = {isa = PBXBuildFile; fileRef = 5F8E106C1DC4E1270061A226 /* Main.storyboard */; };
		5F8E10701DC4E1270061A226 /* Assets.xcassets in Resources */ = {isa = PBXBuildFile; fileRef = 5F8E106F1DC4E1270061A226 /* Assets.xcassets */; };
		5F8E10731DC4E1270061A226 /* LaunchScreen.storyboard in Resources */ = {isa = PBXBuildFile; fileRef = 5F8E10711DC4E1270061A226 /* LaunchScreen.storyboard */; };
		5F8E107C1DC4E7DB0061A226 /* AllEntriesViewController.swift in Sources */ = {isa = PBXBuildFile; fileRef = 5F8E107A1DC4E7DB0061A226 /* AllEntriesViewController.swift */; };
		5F8E107D1DC4E7DB0061A226 /* AllEntriesViewController.xib in Resources */ = {isa = PBXBuildFile; fileRef = 5F8E107B1DC4E7DB0061A226 /* AllEntriesViewController.xib */; };
		5F8E10801DC5299F0061A226 /* MainPageViewController.swift in Sources */ = {isa = PBXBuildFile; fileRef = 5F8E107E1DC5299F0061A226 /* MainPageViewController.swift */; };
		5F8E10811DC5299F0061A226 /* MainPageViewController.xib in Resources */ = {isa = PBXBuildFile; fileRef = 5F8E107F1DC5299F0061A226 /* MainPageViewController.xib */; };
		A13267B81DD91EB700FF43F0 /* TimeTableViewCell.xib in Resources */ = {isa = PBXBuildFile; fileRef = A13267B61DD91EB700FF43F0 /* TimeTableViewCell.xib */; };
		A18782E11DD927A100A595A8 /* TimeTableViewCell.swift in Sources */ = {isa = PBXBuildFile; fileRef = A18782E01DD927A100A595A8 /* TimeTableViewCell.swift */; };
/* End PBXBuildFile section */

/* Begin PBXFileReference section */
		5F4DA0AB1DCE4347004013E0 /* libsqlite3.tbd */ = {isa = PBXFileReference; lastKnownFileType = "sourcecode.text-based-dylib-definition"; name = libsqlite3.tbd; path = usr/lib/libsqlite3.tbd; sourceTree = SDKROOT; };
		5F8E10651DC4E1270061A226 /* microtime.tracker.app */ = {isa = PBXFileReference; explicitFileType = wrapper.application; includeInIndex = 0; path = microtime.tracker.app; sourceTree = BUILT_PRODUCTS_DIR; };
		5F8E10681DC4E1270061A226 /* AppDelegate.swift */ = {isa = PBXFileReference; lastKnownFileType = sourcecode.swift; path = AppDelegate.swift; sourceTree = "<group>"; };
		5F8E106A1DC4E1270061A226 /* ViewController.swift */ = {isa = PBXFileReference; lastKnownFileType = sourcecode.swift; path = ViewController.swift; sourceTree = "<group>"; };
		5F8E106D1DC4E1270061A226 /* Base */ = {isa = PBXFileReference; lastKnownFileType = file.storyboard; name = Base; path = Base.lproj/Main.storyboard; sourceTree = "<group>"; };
		5F8E106F1DC4E1270061A226 /* Assets.xcassets */ = {isa = PBXFileReference; lastKnownFileType = folder.assetcatalog; path = Assets.xcassets; sourceTree = "<group>"; };
		5F8E10721DC4E1270061A226 /* Base */ = {isa = PBXFileReference; lastKnownFileType = file.storyboard; name = Base; path = Base.lproj/LaunchScreen.storyboard; sourceTree = "<group>"; };
		5F8E10741DC4E1270061A226 /* Info.plist */ = {isa = PBXFileReference; lastKnownFileType = text.plist.xml; path = Info.plist; sourceTree = "<group>"; };
		5F8E107A1DC4E7DB0061A226 /* AllEntriesViewController.swift */ = {isa = PBXFileReference; fileEncoding = 4; lastKnownFileType = sourcecode.swift; path = AllEntriesViewController.swift; sourceTree = "<group>"; };
		5F8E107B1DC4E7DB0061A226 /* AllEntriesViewController.xib */ = {isa = PBXFileReference; fileEncoding = 4; lastKnownFileType = file.xib; path = AllEntriesViewController.xib; sourceTree = "<group>"; };
		5F8E107E1DC5299F0061A226 /* MainPageViewController.swift */ = {isa = PBXFileReference; fileEncoding = 4; lastKnownFileType = sourcecode.swift; path = MainPageViewController.swift; sourceTree = "<group>"; };
		5F8E107F1DC5299F0061A226 /* MainPageViewController.xib */ = {isa = PBXFileReference; fileEncoding = 4; lastKnownFileType = file.xib; path = MainPageViewController.xib; sourceTree = "<group>"; };
		7845928BA028F26C1FFD285D /* Pods-microtime.tracker.release.xcconfig */ = {isa = PBXFileReference; includeInIndex = 1; lastKnownFileType = text.xcconfig; name = "Pods-microtime.tracker.release.xcconfig"; path = "Pods/Target Support Files/Pods-microtime.tracker/Pods-microtime.tracker.release.xcconfig"; sourceTree = "<group>"; };
		932B88942DD44F1002E6894C /* Pods-microtime.tracker.debug.xcconfig */ = {isa = PBXFileReference; includeInIndex = 1; lastKnownFileType = text.xcconfig; name = "Pods-microtime.tracker.debug.xcconfig"; path = "Pods/Target Support Files/Pods-microtime.tracker/Pods-microtime.tracker.debug.xcconfig"; sourceTree = "<group>"; };
		A13267B61DD91EB700FF43F0 /* TimeTableViewCell.xib */ = {isa = PBXFileReference; fileEncoding = 4; lastKnownFileType = file.xib; path = TimeTableViewCell.xib; sourceTree = "<group>"; };
		A18782E01DD927A100A595A8 /* TimeTableViewCell.swift */ = {isa = PBXFileReference; fileEncoding = 4; lastKnownFileType = sourcecode.swift; path = TimeTableViewCell.swift; sourceTree = "<group>"; };
		ABE3E4299BF0D99DAB87D688 /* Pods_microtime_tracker.framework */ = {isa = PBXFileReference; explicitFileType = wrapper.framework; includeInIndex = 0; path = Pods_microtime_tracker.framework; sourceTree = BUILT_PRODUCTS_DIR; };
/* End PBXFileReference section */

/* Begin PBXFrameworksBuildPhase section */
		5F8E10621DC4E1270061A226 /* Frameworks */ = {
			isa = PBXFrameworksBuildPhase;
			buildActionMask = 2147483647;
			files = (
				5F4DA0AC1DCE4347004013E0 /* libsqlite3.tbd in Frameworks */,
				5CA89FC956A7C7860D6B7238 /* Pods_microtime_tracker.framework in Frameworks */,
			);
			runOnlyForDeploymentPostprocessing = 0;
		};
/* End PBXFrameworksBuildPhase section */

/* Begin PBXGroup section */
		5F8E105C1DC4E1270061A226 = {
			isa = PBXGroup;
			children = (
				5F8E10671DC4E1270061A226 /* microtime.tracker */,
				5F8E10661DC4E1270061A226 /* Products */,
				B6A1548380B550279E829EFF /* Pods */,
				C990FC1505F34F5E80E50F84 /* Frameworks */,
			);
			sourceTree = "<group>";
		};
		5F8E10661DC4E1270061A226 /* Products */ = {
			isa = PBXGroup;
			children = (
				5F8E10651DC4E1270061A226 /* microtime.tracker.app */,
			);
			name = Products;
			sourceTree = "<group>";
		};
		5F8E10671DC4E1270061A226 /* microtime.tracker */ = {
			isa = PBXGroup;
			children = (
				A13267B21DD8DEA400FF43F0 /* Application */,
				A13267B91DD9269B00FF43F0 /* Cells */,
				A13267B31DD8DEC300FF43F0 /* Controllers */,
				5F8E10741DC4E1270061A226 /* Info.plist */,
				A13267B41DD8DECB00FF43F0 /* Views */,
			);
			path = microtime.tracker;
			sourceTree = "<group>";
		};
		A13267B21DD8DEA400FF43F0 /* Application */ = {
			isa = PBXGroup;
			children = (
				5F8E10681DC4E1270061A226 /* AppDelegate.swift */,
				5F8E106C1DC4E1270061A226 /* Main.storyboard */,
				5F8E106F1DC4E1270061A226 /* Assets.xcassets */,
				5F8E10711DC4E1270061A226 /* LaunchScreen.storyboard */,
			);
			path = Application;
			sourceTree = "<group>";
		};
		A13267B31DD8DEC300FF43F0 /* Controllers */ = {
			isa = PBXGroup;
			children = (
				5F8E106A1DC4E1270061A226 /* ViewController.swift */,
				5F8E107A1DC4E7DB0061A226 /* AllEntriesViewController.swift */,
				5F8E107E1DC5299F0061A226 /* MainPageViewController.swift */,
			);
			path = Controllers;
			sourceTree = "<group>";
		};
		A13267B41DD8DECB00FF43F0 /* Views */ = {
			isa = PBXGroup;
			children = (
				A13267B61DD91EB700FF43F0 /* TimeTableViewCell.xib */,
				5F8E107B1DC4E7DB0061A226 /* AllEntriesViewController.xib */,
				5F8E107F1DC5299F0061A226 /* MainPageViewController.xib */,
			);
			path = Views;
			sourceTree = "<group>";
		};
		A13267B91DD9269B00FF43F0 /* Cells */ = {
			isa = PBXGroup;
			children = (
				A18782E01DD927A100A595A8 /* TimeTableViewCell.swift */,
			);
			path = Cells;
			sourceTree = "<group>";
		};
		B6A1548380B550279E829EFF /* Pods */ = {
			isa = PBXGroup;
			children = (
				932B88942DD44F1002E6894C /* Pods-microtime.tracker.debug.xcconfig */,
				7845928BA028F26C1FFD285D /* Pods-microtime.tracker.release.xcconfig */,
			);
			name = Pods;
			sourceTree = "<group>";
		};
		C990FC1505F34F5E80E50F84 /* Frameworks */ = {
			isa = PBXGroup;
			children = (
				5F4DA0AB1DCE4347004013E0 /* libsqlite3.tbd */,
				ABE3E4299BF0D99DAB87D688 /* Pods_microtime_tracker.framework */,
			);
			name = Frameworks;
			sourceTree = "<group>";
		};
/* End PBXGroup section */

/* Begin PBXNativeTarget section */
		5F8E10641DC4E1270061A226 /* microtime.tracker */ = {
			isa = PBXNativeTarget;
			buildConfigurationList = 5F8E10771DC4E1270061A226 /* Build configuration list for PBXNativeTarget "microtime.tracker" */;
			buildPhases = (
				0DE56DFCDFD4C8C3D36FD096 /* [CP] Check Pods Manifest.lock */,
				5F8E10611DC4E1270061A226 /* Sources */,
				5F8E10621DC4E1270061A226 /* Frameworks */,
				5F8E10631DC4E1270061A226 /* Resources */,
				F3715EBA9280DC79178C4BE1 /* [CP] Embed Pods Frameworks */,
				29FCCF30A9C56AF6285B56FE /* [CP] Copy Pods Resources */,
			);
			buildRules = (
			);
			dependencies = (
			);
			name = microtime.tracker;
			productName = microtime.tracker;
			productReference = 5F8E10651DC4E1270061A226 /* microtime.tracker.app */;
			productType = "com.apple.product-type.application";
		};
/* End PBXNativeTarget section */

/* Begin PBXProject section */
		5F8E105D1DC4E1270061A226 /* Project object */ = {
			isa = PBXProject;
			attributes = {
				LastSwiftUpdateCheck = 0800;
				LastUpgradeCheck = 0800;
				ORGANIZATIONNAME = "Eni Sinanaj";
				TargetAttributes = {
					5F8E10641DC4E1270061A226 = {
						CreatedOnToolsVersion = 8.0;
						DevelopmentTeam = E3VDZ95J76;
						ProvisioningStyle = Automatic;
					};
				};
			};
			buildConfigurationList = 5F8E10601DC4E1270061A226 /* Build configuration list for PBXProject "microtime.tracker" */;
			compatibilityVersion = "Xcode 3.2";
			developmentRegion = English;
			hasScannedForEncodings = 0;
			knownRegions = (
				en,
				Base,
			);
			mainGroup = 5F8E105C1DC4E1270061A226;
			productRefGroup = 5F8E10661DC4E1270061A226 /* Products */;
			projectDirPath = "";
			projectRoot = "";
			targets = (
				5F8E10641DC4E1270061A226 /* microtime.tracker */,
			);
		};
/* End PBXProject section */

/* Begin PBXResourcesBuildPhase section */
		5F8E10631DC4E1270061A226 /* Resources */ = {
			isa = PBXResourcesBuildPhase;
			buildActionMask = 2147483647;
			files = (
				5F8E10731DC4E1270061A226 /* LaunchScreen.storyboard in Resources */,
				5F8E10701DC4E1270061A226 /* Assets.xcassets in Resources */,
				5F8E106E1DC4E1270061A226 /* Main.storyboard in Resources */,
				5F8E107D1DC4E7DB0061A226 /* AllEntriesViewController.xib in Resources */,
				A13267B81DD91EB700FF43F0 /* TimeTableViewCell.xib in Resources */,
				5F8E10811DC5299F0061A226 /* MainPageViewController.xib in Resources */,
			);
			runOnlyForDeploymentPostprocessing = 0;
		};
/* End PBXResourcesBuildPhase section */

/* Begin PBXShellScriptBuildPhase section */
		0DE56DFCDFD4C8C3D36FD096 /* [CP] Check Pods Manifest.lock */ = {
			isa = PBXShellScriptBuildPhase;
			buildActionMask = 2147483647;
			files = (
			);
			inputPaths = (
			);
			name = "[CP] Check Pods Manifest.lock";
			outputPaths = (
			);
			runOnlyForDeploymentPostprocessing = 0;
			shellPath = /bin/sh;
			shellScript = "diff \"${PODS_ROOT}/../Podfile.lock\" \"${PODS_ROOT}/Manifest.lock\" > /dev/null\nif [ $? != 0 ] ; then\n    # print error to STDERR\n    echo \"error: The sandbox is not in sync with the Podfile.lock. Run 'pod install' or update your CocoaPods installation.\" >&2\n    exit 1\nfi\n";
			showEnvVarsInLog = 0;
		};
		29FCCF30A9C56AF6285B56FE /* [CP] Copy Pods Resources */ = {
			isa = PBXShellScriptBuildPhase;
			buildActionMask = 2147483647;
			files = (
			);
			inputPaths = (
			);
			name = "[CP] Copy Pods Resources";
			outputPaths = (
			);
			runOnlyForDeploymentPostprocessing = 0;
			shellPath = /bin/sh;
			shellScript = "\"${SRCROOT}/Pods/Target Support Files/Pods-microtime.tracker/Pods-microtime.tracker-resources.sh\"\n";
			showEnvVarsInLog = 0;
		};
		F3715EBA9280DC79178C4BE1 /* [CP] Embed Pods Frameworks */ = {
			isa = PBXShellScriptBuildPhase;
			buildActionMask = 2147483647;
			files = (
			);
			inputPaths = (
			);
			name = "[CP] Embed Pods Frameworks";
			outputPaths = (
			);
			runOnlyForDeploymentPostprocessing = 0;
			shellPath = /bin/sh;
			shellScript = "\"${SRCROOT}/Pods/Target Support Files/Pods-microtime.tracker/Pods-microtime.tracker-frameworks.sh\"\n";
			showEnvVarsInLog = 0;
		};
/* End PBXShellScriptBuildPhase section */

/* Begin PBXSourcesBuildPhase section */
		5F8E10611DC4E1270061A226 /* Sources */ = {
			isa = PBXSourcesBuildPhase;
			buildActionMask = 2147483647;
			files = (
				5F8E10801DC5299F0061A226 /* MainPageViewController.swift in Sources */,
				5F8E107C1DC4E7DB0061A226 /* AllEntriesViewController.swift in Sources */,
				A18782E11DD927A100A595A8 /* TimeTableViewCell.swift in Sources */,
				5F8E106B1DC4E1270061A226 /* ViewController.swift in Sources */,
				5F8E10691DC4E1270061A226 /* AppDelegate.swift in Sources */,
			);
			runOnlyForDeploymentPostprocessing = 0;
		};
/* End PBXSourcesBuildPhase section */

/* Begin PBXVariantGroup section */
		5F8E106C1DC4E1270061A226 /* Main.storyboard */ = {
			isa = PBXVariantGroup;
			children = (
				5F8E106D1DC4E1270061A226 /* Base */,
			);
			name = Main.storyboard;
			sourceTree = "<group>";
		};
		5F8E10711DC4E1270061A226 /* LaunchScreen.storyboard */ = {
			isa = PBXVariantGroup;
			children = (
				5F8E10721DC4E1270061A226 /* Base */,
			);
			name = LaunchScreen.storyboard;
			sourceTree = "<group>";
		};
/* End PBXVariantGroup section */

/* Begin XCBuildConfiguration section */
		5F8E10751DC4E1270061A226 /* Debug */ = {
			isa = XCBuildConfiguration;
			buildSettings = {
				ALWAYS_SEARCH_USER_PATHS = NO;
				CLANG_ANALYZER_NONNULL = YES;
				CLANG_CXX_LANGUAGE_STANDARD = "gnu++0x";
				CLANG_CXX_LIBRARY = "libc++";
				CLANG_ENABLE_MODULES = YES;
				CLANG_ENABLE_OBJC_ARC = YES;
				CLANG_WARN_BOOL_CONVERSION = YES;
				CLANG_WARN_CONSTANT_CONVERSION = YES;
				CLANG_WARN_DIRECT_OBJC_ISA_USAGE = YES_ERROR;
				CLANG_WARN_DOCUMENTATION_COMMENTS = YES;
				CLANG_WARN_EMPTY_BODY = YES;
				CLANG_WARN_ENUM_CONVERSION = YES;
				CLANG_WARN_INFINITE_RECURSION = YES;
				CLANG_WARN_INT_CONVERSION = YES;
				CLANG_WARN_OBJC_ROOT_CLASS = YES_ERROR;
				CLANG_WARN_SUSPICIOUS_MOVES = YES;
				CLANG_WARN_UNREACHABLE_CODE = YES;
				CLANG_WARN__DUPLICATE_METHOD_MATCH = YES;
				"CODE_SIGN_IDENTITY[sdk=iphoneos*]" = "iPhone Developer";
				COPY_PHASE_STRIP = NO;
				DEBUG_INFORMATION_FORMAT = dwarf;
				ENABLE_STRICT_OBJC_MSGSEND = YES;
				ENABLE_TESTABILITY = YES;
				GCC_C_LANGUAGE_STANDARD = gnu99;
				GCC_DYNAMIC_NO_PIC = NO;
				GCC_NO_COMMON_BLOCKS = YES;
				GCC_OPTIMIZATION_LEVEL = 0;
				GCC_PREPROCESSOR_DEFINITIONS = (
					"DEBUG=1",
					"$(inherited)",
				);
				GCC_WARN_64_TO_32_BIT_CONVERSION = YES;
				GCC_WARN_ABOUT_RETURN_TYPE = YES_ERROR;
				GCC_WARN_UNDECLARED_SELECTOR = YES;
				GCC_WARN_UNINITIALIZED_AUTOS = YES_AGGRESSIVE;
				GCC_WARN_UNUSED_FUNCTION = YES;
				GCC_WARN_UNUSED_VARIABLE = YES;
				IPHONEOS_DEPLOYMENT_TARGET = 9.0;
				MTL_ENABLE_DEBUG_INFO = YES;
				ONLY_ACTIVE_ARCH = YES;
				SDKROOT = iphoneos;
				SWIFT_ACTIVE_COMPILATION_CONDITIONS = DEBUG;
				SWIFT_OPTIMIZATION_LEVEL = "-Onone";
				TARGETED_DEVICE_FAMILY = "1,2";
			};
			name = Debug;
		};
		5F8E10761DC4E1270061A226 /* Release */ = {
			isa = XCBuildConfiguration;
			buildSettings = {
				ALWAYS_SEARCH_USER_PATHS = NO;
				CLANG_ANALYZER_NONNULL = YES;
				CLANG_CXX_LANGUAGE_STANDARD = "gnu++0x";
				CLANG_CXX_LIBRARY = "libc++";
				CLANG_ENABLE_MODULES = YES;
				CLANG_ENABLE_OBJC_ARC = YES;
				CLANG_WARN_BOOL_CONVERSION = YES;
				CLANG_WARN_CONSTANT_CONVERSION = YES;
				CLANG_WARN_DIRECT_OBJC_ISA_USAGE = YES_ERROR;
				CLANG_WARN_DOCUMENTATION_COMMENTS = YES;
				CLANG_WARN_EMPTY_BODY = YES;
				CLANG_WARN_ENUM_CONVERSION = YES;
				CLANG_WARN_INFINITE_RECURSION = YES;
				CLANG_WARN_INT_CONVERSION = YES;
				CLANG_WARN_OBJC_ROOT_CLASS = YES_ERROR;
				CLANG_WARN_SUSPICIOUS_MOVES = YES;
				CLANG_WARN_UNREACHABLE_CODE = YES;
				CLANG_WARN__DUPLICATE_METHOD_MATCH = YES;
				"CODE_SIGN_IDENTITY[sdk=iphoneos*]" = "iPhone Developer";
				COPY_PHASE_STRIP = NO;
				DEBUG_INFORMATION_FORMAT = "dwarf-with-dsym";
				ENABLE_NS_ASSERTIONS = NO;
				ENABLE_STRICT_OBJC_MSGSEND = YES;
				GCC_C_LANGUAGE_STANDARD = gnu99;
				GCC_NO_COMMON_BLOCKS = YES;
				GCC_WARN_64_TO_32_BIT_CONVERSION = YES;
				GCC_WARN_ABOUT_RETURN_TYPE = YES_ERROR;
				GCC_WARN_UNDECLARED_SELECTOR = YES;
				GCC_WARN_UNINITIALIZED_AUTOS = YES_AGGRESSIVE;
				GCC_WARN_UNUSED_FUNCTION = YES;
				GCC_WARN_UNUSED_VARIABLE = YES;
				IPHONEOS_DEPLOYMENT_TARGET = 9.0;
				MTL_ENABLE_DEBUG_INFO = NO;
				SDKROOT = iphoneos;
				SWIFT_OPTIMIZATION_LEVEL = "-Owholemodule";
				TARGETED_DEVICE_FAMILY = "1,2";
				VALIDATE_PRODUCT = YES;
			};
			name = Release;
		};
		5F8E10781DC4E1270061A226 /* Debug */ = {
			isa = XCBuildConfiguration;
			baseConfigurationReference = 932B88942DD44F1002E6894C /* Pods-microtime.tracker.debug.xcconfig */;
			buildSettings = {
				ASSETCATALOG_COMPILER_APPICON_NAME = AppIcon;
				DEVELOPMENT_TEAM = E3VDZ95J76;
				INFOPLIST_FILE = microtime.tracker/Info.plist;
				LD_RUNPATH_SEARCH_PATHS = "$(inherited) @executable_path/Frameworks";
				PRODUCT_BUNDLE_IDENTIFIER = "com.newlinecode.microtime-tracker";
				PRODUCT_NAME = "$(TARGET_NAME)";
				SWIFT_VERSION = 3.0;
			};
			name = Debug;
		};
		5F8E10791DC4E1270061A226 /* Release */ = {
			isa = XCBuildConfiguration;
			baseConfigurationReference = 7845928BA028F26C1FFD285D /* Pods-microtime.tracker.release.xcconfig */;
			buildSettings = {
				ASSETCATALOG_COMPILER_APPICON_NAME = AppIcon;
				DEVELOPMENT_TEAM = E3VDZ95J76;
				INFOPLIST_FILE = microtime.tracker/Info.plist;
				LD_RUNPATH_SEARCH_PATHS = "$(inherited) @executable_path/Frameworks";
				PRODUCT_BUNDLE_IDENTIFIER = "com.newlinecode.microtime-tracker";
				PRODUCT_NAME = "$(TARGET_NAME)";
				SWIFT_VERSION = 3.0;
			};
			name = Release;
		};
/* End XCBuildConfiguration section */

/* Begin XCConfigurationList section */
		5F8E10601DC4E1270061A226 /* Build configuration list for PBXProject "microtime.tracker" */ = {
			isa = XCConfigurationList;
			buildConfigurations = (
				5F8E10751DC4E1270061A226 /* Debug */,
				5F8E10761DC4E1270061A226 /* Release */,
			);
			defaultConfigurationIsVisible = 0;
			defaultConfigurationName = Release;
		};
		5F8E10771DC4E1270061A226 /* Build configuration list for PBXNativeTarget "microtime.tracker" */ = {
			isa = XCConfigurationList;
			buildConfigurations = (
				5F8E10781DC4E1270061A226 /* Debug */,
				5F8E10791DC4E1270061A226 /* Release */,
			);
			defaultConfigurationIsVisible = 0;
			defaultConfigurationName = Release;
		};
/* End XCConfigurationList section */
	};
	rootObject = 5F8E105D1DC4E1270061A226 /* Project object */;
}
