// !$*UTF8*$!
{
	archiveVersion = 1;
	classes = {
	};
	objectVersion = 46;
	objects = {

/* Begin PBXBuildFile section */
		5F2C4DF31F44AF2500C9D02A /* ExerciseTableViewCell.xib in Resources */ = {isa = PBXBuildFile; fileRef = 5F2C4DF21F44AF2500C9D02A /* ExerciseTableViewCell.xib */; };
		5F2C4DF61F44B9C800C9D02A /* HardcodedModel.swift in Sources */ = {isa = PBXBuildFile; fileRef = 5F2C4DF51F44B9C800C9D02A /* HardcodedModel.swift */; };
		5F2C4DF81F44C4AE00C9D02A /* ExerciseTableViewCell.swift in Sources */ = {isa = PBXBuildFile; fileRef = 5F2C4DF71F44C4AE00C9D02A /* ExerciseTableViewCell.swift */; };
		5F2C4DFA1F45F9E700C9D02A /* Exercise.swift in Sources */ = {isa = PBXBuildFile; fileRef = 5F2C4DF91F45F9E700C9D02A /* Exercise.swift */; };
		5F2C4DFD1F4628E700C9D02A /* CounterViewController.swift in Sources */ = {isa = PBXBuildFile; fileRef = 5F2C4DFB1F4628E700C9D02A /* CounterViewController.swift */; };
		5F2C4DFE1F4628E700C9D02A /* CounterViewController.xib in Resources */ = {isa = PBXBuildFile; fileRef = 5F2C4DFC1F4628E700C9D02A /* CounterViewController.xib */; };
		5F36DFE61F45CF3F005CD76B /* ExercisesTableView.xib in Resources */ = {isa = PBXBuildFile; fileRef = 5FBB107E1F425B4400532914 /* ExercisesTableView.xib */; };
		5F36DFE81F45E1D8005CD76B /* UIColorLib.swift in Sources */ = {isa = PBXBuildFile; fileRef = 5F36DFE71F45E1D8005CD76B /* UIColorLib.swift */; };
		5F4DA0AC1DCE4347004013E0 /* libsqlite3.tbd in Frameworks */ = {isa = PBXBuildFile; fileRef = 5F4DA0AB1DCE4347004013E0 /* libsqlite3.tbd */; };
		5F8CD7901DF6126E0003B73A /* NotificationViewController.swift in Sources */ = {isa = PBXBuildFile; fileRef = 5F8CD78E1DF6126E0003B73A /* NotificationViewController.swift */; };
		5F8CD7911DF6126E0003B73A /* NotificationViewController.xib in Resources */ = {isa = PBXBuildFile; fileRef = 5F8CD78F1DF6126E0003B73A /* NotificationViewController.xib */; };
		5FBB10731F42531800532914 /* ExercisesTableViewController.swift in Sources */ = {isa = PBXBuildFile; fileRef = 5FBB10711F42531800532914 /* ExercisesTableViewController.swift */; };
		5FCF47E51F4A1ADC006522F8 /* doneBell.mp3 in Resources */ = {isa = PBXBuildFile; fileRef = 5FCF47E41F4A1ADB006522F8 /* doneBell.mp3 */; };
		5FEC8F001F4AC435005307BD /* Assets.xcassets in Resources */ = {isa = PBXBuildFile; fileRef = 5FEC8EFF1F4AC435005307BD /* Assets.xcassets */; };
		A155586B1DE3B52F000C4198 /* LaunchScreen.storyboard in Resources */ = {isa = PBXBuildFile; fileRef = A15558671DE3B52F000C4198 /* LaunchScreen.storyboard */; };
		A155586C1DE3B52F000C4198 /* Main.storyboard in Resources */ = {isa = PBXBuildFile; fileRef = A15558691DE3B52F000C4198 /* Main.storyboard */; };
		A162B44B1DE1C9D900CA60B5 /* SQLite.swift in Sources */ = {isa = PBXBuildFile; fileRef = A162B44A1DE1C9D900CA60B5 /* SQLite.swift */; };
		A1C9C79F1DE3B45D00354D15 /* AllEntriesViewController.xib in Resources */ = {isa = PBXBuildFile; fileRef = A1C9C79C1DE3B45D00354D15 /* AllEntriesViewController.xib */; };
		A1C9C7A01DE3B45D00354D15 /* MainPageViewController.xib in Resources */ = {isa = PBXBuildFile; fileRef = A1C9C79D1DE3B45D00354D15 /* MainPageViewController.xib */; };
		A1C9C7A11DE3B45D00354D15 /* TimeTableViewCell.xib in Resources */ = {isa = PBXBuildFile; fileRef = A1C9C79E1DE3B45D00354D15 /* TimeTableViewCell.xib */; };
		A1C9C7A71DE3B47D00354D15 /* AllEntriesViewController.swift in Sources */ = {isa = PBXBuildFile; fileRef = A1C9C7A21DE3B47D00354D15 /* AllEntriesViewController.swift */; };
		A1C9C7A81DE3B47D00354D15 /* MainPageViewController.swift in Sources */ = {isa = PBXBuildFile; fileRef = A1C9C7A31DE3B47D00354D15 /* MainPageViewController.swift */; };
		A1C9C7AB1DE3B47D00354D15 /* ViewController.swift in Sources */ = {isa = PBXBuildFile; fileRef = A1C9C7A61DE3B47D00354D15 /* ViewController.swift */; };
		A1C9C7AD1DE3B48800354D15 /* AppDelegate.swift in Sources */ = {isa = PBXBuildFile; fileRef = A1C9C7AC1DE3B48800354D15 /* AppDelegate.swift */; };
		A1C9C7B41DE3B4E000354D15 /* TimeTableViewCell.swift in Sources */ = {isa = PBXBuildFile; fileRef = A1C9C7B31DE3B4E000354D15 /* TimeTableViewCell.swift */; };
		BBC5B0C90648DAAC643864A4 /* Pods_1and1_workout.framework in Frameworks */ = {isa = PBXBuildFile; fileRef = 3FA72A428FAB7A67C3AE4C43 /* Pods_1and1_workout.framework */; };
/* End PBXBuildFile section */

/* Begin PBXFileReference section */
		09AB688A6C363E37FC135268 /* Pods-1and1.workout.debug.xcconfig */ = {isa = PBXFileReference; includeInIndex = 1; lastKnownFileType = text.xcconfig; name = "Pods-1and1.workout.debug.xcconfig"; path = "Pods/Target Support Files/Pods-1and1.workout/Pods-1and1.workout.debug.xcconfig"; sourceTree = "<group>"; };
		3FA72A428FAB7A67C3AE4C43 /* Pods_1and1_workout.framework */ = {isa = PBXFileReference; explicitFileType = wrapper.framework; includeInIndex = 0; path = Pods_1and1_workout.framework; sourceTree = BUILT_PRODUCTS_DIR; };
		5F2C4DF21F44AF2500C9D02A /* ExerciseTableViewCell.xib */ = {isa = PBXFileReference; lastKnownFileType = file.xib; path = ExerciseTableViewCell.xib; sourceTree = "<group>"; };
		5F2C4DF51F44B9C800C9D02A /* HardcodedModel.swift */ = {isa = PBXFileReference; lastKnownFileType = sourcecode.swift; path = HardcodedModel.swift; sourceTree = "<group>"; };
		5F2C4DF71F44C4AE00C9D02A /* ExerciseTableViewCell.swift */ = {isa = PBXFileReference; lastKnownFileType = sourcecode.swift; path = ExerciseTableViewCell.swift; sourceTree = "<group>"; };
		5F2C4DF91F45F9E700C9D02A /* Exercise.swift */ = {isa = PBXFileReference; lastKnownFileType = sourcecode.swift; path = Exercise.swift; sourceTree = "<group>"; };
		5F2C4DFB1F4628E700C9D02A /* CounterViewController.swift */ = {isa = PBXFileReference; lastKnownFileType = sourcecode.swift; path = CounterViewController.swift; sourceTree = "<group>"; };
		5F2C4DFC1F4628E700C9D02A /* CounterViewController.xib */ = {isa = PBXFileReference; lastKnownFileType = file.xib; name = CounterViewController.xib; path = Controllers/CounterViewController.xib; sourceTree = "<group>"; };
		5F36DFE71F45E1D8005CD76B /* UIColorLib.swift */ = {isa = PBXFileReference; fileEncoding = 4; lastKnownFileType = sourcecode.swift; path = UIColorLib.swift; sourceTree = "<group>"; };
		5F4DA0AB1DCE4347004013E0 /* libsqlite3.tbd */ = {isa = PBXFileReference; lastKnownFileType = "sourcecode.text-based-dylib-definition"; name = libsqlite3.tbd; path = usr/lib/libsqlite3.tbd; sourceTree = SDKROOT; };
		5F8CD78E1DF6126E0003B73A /* NotificationViewController.swift */ = {isa = PBXFileReference; fileEncoding = 4; lastKnownFileType = sourcecode.swift; name = NotificationViewController.swift; path = ../NotificationViewController.swift; sourceTree = "<group>"; };
		5F8CD78F1DF6126E0003B73A /* NotificationViewController.xib */ = {isa = PBXFileReference; fileEncoding = 4; lastKnownFileType = file.xib; path = NotificationViewController.xib; sourceTree = "<group>"; };
		5F8E10651DC4E1270061A226 /* 1and1.workout.app */ = {isa = PBXFileReference; explicitFileType = wrapper.application; includeInIndex = 0; path = 1and1.workout.app; sourceTree = BUILT_PRODUCTS_DIR; };
		5F8E10741DC4E1270061A226 /* Info.plist */ = {isa = PBXFileReference; lastKnownFileType = text.plist.xml; path = Info.plist; sourceTree = "<group>"; };
		5FBB10711F42531800532914 /* ExercisesTableViewController.swift */ = {isa = PBXFileReference; lastKnownFileType = sourcecode.swift; path = ExercisesTableViewController.swift; sourceTree = "<group>"; };
		5FBB107E1F425B4400532914 /* ExercisesTableView.xib */ = {isa = PBXFileReference; lastKnownFileType = file.xib; name = ExercisesTableView.xib; path = Views/ExercisesTableView.xib; sourceTree = "<group>"; };
		5FCF47E41F4A1ADB006522F8 /* doneBell.mp3 */ = {isa = PBXFileReference; lastKnownFileType = audio.mp3; path = doneBell.mp3; sourceTree = "<group>"; };
		5FEC8EFF1F4AC435005307BD /* Assets.xcassets */ = {isa = PBXFileReference; lastKnownFileType = folder.assetcatalog; name = Assets.xcassets; path = Application/Assets.xcassets; sourceTree = "<group>"; };
		609029F3E09845ED0A283DE5 /* Pods-1and1.workout.release.xcconfig */ = {isa = PBXFileReference; includeInIndex = 1; lastKnownFileType = text.xcconfig; name = "Pods-1and1.workout.release.xcconfig"; path = "Pods/Target Support Files/Pods-1and1.workout/Pods-1and1.workout.release.xcconfig"; sourceTree = "<group>"; };
		A15558681DE3B52F000C4198 /* Base */ = {isa = PBXFileReference; lastKnownFileType = file.storyboard; name = Base; path = Application/Base.lproj/LaunchScreen.storyboard; sourceTree = "<group>"; };
		A155586A1DE3B52F000C4198 /* Base */ = {isa = PBXFileReference; lastKnownFileType = file.storyboard; name = Base; path = Application/Base.lproj/Main.storyboard; sourceTree = "<group>"; };
		A162B44A1DE1C9D900CA60B5 /* SQLite.swift */ = {isa = PBXFileReference; fileEncoding = 4; lastKnownFileType = sourcecode.swift; path = SQLite.swift; sourceTree = "<group>"; };
		A1C9C79C1DE3B45D00354D15 /* AllEntriesViewController.xib */ = {isa = PBXFileReference; fileEncoding = 4; lastKnownFileType = file.xib; name = AllEntriesViewController.xib; path = Views/AllEntriesViewController.xib; sourceTree = "<group>"; };
		A1C9C79D1DE3B45D00354D15 /* MainPageViewController.xib */ = {isa = PBXFileReference; fileEncoding = 4; lastKnownFileType = file.xib; name = MainPageViewController.xib; path = Views/MainPageViewController.xib; sourceTree = "<group>"; };
		A1C9C79E1DE3B45D00354D15 /* TimeTableViewCell.xib */ = {isa = PBXFileReference; fileEncoding = 4; lastKnownFileType = file.xib; name = TimeTableViewCell.xib; path = Views/TimeTableViewCell.xib; sourceTree = "<group>"; };
		A1C9C7A21DE3B47D00354D15 /* AllEntriesViewController.swift */ = {isa = PBXFileReference; fileEncoding = 4; lastKnownFileType = sourcecode.swift; path = AllEntriesViewController.swift; sourceTree = "<group>"; };
		A1C9C7A31DE3B47D00354D15 /* MainPageViewController.swift */ = {isa = PBXFileReference; fileEncoding = 4; lastKnownFileType = sourcecode.swift; path = MainPageViewController.swift; sourceTree = "<group>"; };
		A1C9C7A61DE3B47D00354D15 /* ViewController.swift */ = {isa = PBXFileReference; fileEncoding = 4; lastKnownFileType = sourcecode.swift; path = ViewController.swift; sourceTree = "<group>"; };
		A1C9C7AC1DE3B48800354D15 /* AppDelegate.swift */ = {isa = PBXFileReference; fileEncoding = 4; lastKnownFileType = sourcecode.swift; name = AppDelegate.swift; path = Application/AppDelegate.swift; sourceTree = "<group>"; };
		A1C9C7B31DE3B4E000354D15 /* TimeTableViewCell.swift */ = {isa = PBXFileReference; fileEncoding = 4; lastKnownFileType = sourcecode.swift; name = TimeTableViewCell.swift; path = Cells/TimeTableViewCell.swift; sourceTree = "<group>"; };
/* End PBXFileReference section */

/* Begin PBXFrameworksBuildPhase section */
		5F8E10621DC4E1270061A226 /* Frameworks */ = {
			isa = PBXFrameworksBuildPhase;
			buildActionMask = 2147483647;
			files = (
				5F4DA0AC1DCE4347004013E0 /* libsqlite3.tbd in Frameworks */,
				BBC5B0C90648DAAC643864A4 /* Pods_1and1_workout.framework in Frameworks */,
			);
			runOnlyForDeploymentPostprocessing = 0;
		};
/* End PBXFrameworksBuildPhase section */

/* Begin PBXGroup section */
		5F2C4DF41F44B9B800C9D02A /* Model */ = {
			isa = PBXGroup;
			children = (
				5F2C4DF51F44B9C800C9D02A /* HardcodedModel.swift */,
				5F2C4DF91F45F9E700C9D02A /* Exercise.swift */,
			);
			path = Model;
			sourceTree = "<group>";
		};
		5F8E105C1DC4E1270061A226 = {
			isa = PBXGroup;
			children = (
				5F8E10671DC4E1270061A226 /* 1and1.workout */,
				5F8E10661DC4E1270061A226 /* Products */,
				B6A1548380B550279E829EFF /* Pods */,
				C990FC1505F34F5E80E50F84 /* Frameworks */,
			);
			sourceTree = "<group>";
		};
		5F8E10661DC4E1270061A226 /* Products */ = {
			isa = PBXGroup;
			children = (
				5F8E10651DC4E1270061A226 /* 1and1.workout.app */,
			);
			name = Products;
			sourceTree = "<group>";
		};
		5F8E10671DC4E1270061A226 /* 1and1.workout */ = {
			isa = PBXGroup;
			children = (
				5FCF47E11F4A1A22006522F8 /* Supporting Files */,
				5F2C4DF41F44B9B800C9D02A /* Model */,
				A1C9C7B21DE3B4D500354D15 /* Cells */,
				A162B4491DE1C9A900CA60B5 /* Classes */,
				A13267B41DD8DECB00FF43F0 /* Views */,
				A13267B31DD8DEC300FF43F0 /* Controllers */,
				A13267B21DD8DEA400FF43F0 /* Application */,
			);
			path = 1and1.workout;
			sourceTree = "<group>";
		};
		5FCF47E11F4A1A22006522F8 /* Supporting Files */ = {
			isa = PBXGroup;
			children = (
				5FCF47E41F4A1ADB006522F8 /* doneBell.mp3 */,
			);
			name = "Supporting Files";
			sourceTree = "<group>";
		};
		A13267B21DD8DEA400FF43F0 /* Application */ = {
			isa = PBXGroup;
			children = (
				5FEC8EFF1F4AC435005307BD /* Assets.xcassets */,
				A15558671DE3B52F000C4198 /* LaunchScreen.storyboard */,
				A15558691DE3B52F000C4198 /* Main.storyboard */,
				A1C9C7AC1DE3B48800354D15 /* AppDelegate.swift */,
				5F8E10741DC4E1270061A226 /* Info.plist */,
			);
			name = Application;
			sourceTree = "<group>";
		};
		A13267B31DD8DEC300FF43F0 /* Controllers */ = {
			isa = PBXGroup;
			children = (
				5F2C4DFB1F4628E700C9D02A /* CounterViewController.swift */,
				5F8CD78E1DF6126E0003B73A /* NotificationViewController.swift */,
				A1C9C7A21DE3B47D00354D15 /* AllEntriesViewController.swift */,
				A1C9C7A31DE3B47D00354D15 /* MainPageViewController.swift */,
				A1C9C7A61DE3B47D00354D15 /* ViewController.swift */,
				5FBB10711F42531800532914 /* ExercisesTableViewController.swift */,
			);
			path = Controllers;
			sourceTree = "<group>";
		};
		A13267B41DD8DECB00FF43F0 /* Views */ = {
			isa = PBXGroup;
			children = (
				5F8CD78F1DF6126E0003B73A /* NotificationViewController.xib */,
				A1C9C79C1DE3B45D00354D15 /* AllEntriesViewController.xib */,
				A1C9C79D1DE3B45D00354D15 /* MainPageViewController.xib */,
				A1C9C79E1DE3B45D00354D15 /* TimeTableViewCell.xib */,
				5FBB107E1F425B4400532914 /* ExercisesTableView.xib */,
				5F2C4DF21F44AF2500C9D02A /* ExerciseTableViewCell.xib */,
				5F2C4DFC1F4628E700C9D02A /* CounterViewController.xib */,
			);
			name = Views;
			sourceTree = "<group>";
		};
		A162B4491DE1C9A900CA60B5 /* Classes */ = {
			isa = PBXGroup;
			children = (
				A162B44A1DE1C9D900CA60B5 /* SQLite.swift */,
				5F36DFE71F45E1D8005CD76B /* UIColorLib.swift */,
			);
			name = Classes;
			sourceTree = "<group>";
		};
		A1C9C7B21DE3B4D500354D15 /* Cells */ = {
			isa = PBXGroup;
			children = (
				A1C9C7B31DE3B4E000354D15 /* TimeTableViewCell.swift */,
				5F2C4DF71F44C4AE00C9D02A /* ExerciseTableViewCell.swift */,
			);
			name = Cells;
			sourceTree = "<group>";
		};
		B6A1548380B550279E829EFF /* Pods */ = {
			isa = PBXGroup;
			children = (
				09AB688A6C363E37FC135268 /* Pods-1and1.workout.debug.xcconfig */,
				609029F3E09845ED0A283DE5 /* Pods-1and1.workout.release.xcconfig */,
			);
			name = Pods;
			sourceTree = "<group>";
		};
		C990FC1505F34F5E80E50F84 /* Frameworks */ = {
			isa = PBXGroup;
			children = (
				5F4DA0AB1DCE4347004013E0 /* libsqlite3.tbd */,
				3FA72A428FAB7A67C3AE4C43 /* Pods_1and1_workout.framework */,
			);
			name = Frameworks;
			sourceTree = "<group>";
		};
/* End PBXGroup section */

/* Begin PBXNativeTarget section */
		5F8E10641DC4E1270061A226 /* 1and1.workout */ = {
			isa = PBXNativeTarget;
			buildConfigurationList = 5F8E10771DC4E1270061A226 /* Build configuration list for PBXNativeTarget "1and1.workout" */;
			buildPhases = (
				0DE56DFCDFD4C8C3D36FD096 /* [CP] Check Pods Manifest.lock */,
				5F8E10611DC4E1270061A226 /* Sources */,
				5F8E10621DC4E1270061A226 /* Frameworks */,
				5F8E10631DC4E1270061A226 /* Resources */,
				F3715EBA9280DC79178C4BE1 /* [CP] Embed Pods Frameworks */,
				29FCCF30A9C56AF6285B56FE /* [CP] Copy Pods Resources */,
			);
			buildRules = (
			);
			dependencies = (
			);
			name = 1and1.workout;
			productName = microtime.tracker;
			productReference = 5F8E10651DC4E1270061A226 /* 1and1.workout.app */;
			productType = "com.apple.product-type.application";
		};
/* End PBXNativeTarget section */

/* Begin PBXProject section */
		5F8E105D1DC4E1270061A226 /* Project object */ = {
			isa = PBXProject;
			attributes = {
				LastSwiftUpdateCheck = 0800;
				LastUpgradeCheck = 0900;
				ORGANIZATIONNAME = "Eni Sinanaj";
				TargetAttributes = {
					5F8E10641DC4E1270061A226 = {
						CreatedOnToolsVersion = 8.0;
						DevelopmentTeam = 6M95A8XHH3;
						ProvisioningStyle = Automatic;
					};
				};
			};
			buildConfigurationList = 5F8E10601DC4E1270061A226 /* Build configuration list for PBXProject "1and1.workout" */;
			compatibilityVersion = "Xcode 3.2";
			developmentRegion = English;
			hasScannedForEncodings = 0;
			knownRegions = (
				en,
				Base,
			);
			mainGroup = 5F8E105C1DC4E1270061A226;
			productRefGroup = 5F8E10661DC4E1270061A226 /* Products */;
			projectDirPath = "";
			projectRoot = "";
			targets = (
				5F8E10641DC4E1270061A226 /* 1and1.workout */,
			);
		};
/* End PBXProject section */

/* Begin PBXResourcesBuildPhase section */
		5F8E10631DC4E1270061A226 /* Resources */ = {
			isa = PBXResourcesBuildPhase;
			buildActionMask = 2147483647;
			files = (
				A155586C1DE3B52F000C4198 /* Main.storyboard in Resources */,
				5FCF47E51F4A1ADC006522F8 /* doneBell.mp3 in Resources */,
				5FEC8F001F4AC435005307BD /* Assets.xcassets in Resources */,
				A1C9C79F1DE3B45D00354D15 /* AllEntriesViewController.xib in Resources */,
				A1C9C7A01DE3B45D00354D15 /* MainPageViewController.xib in Resources */,
				A155586B1DE3B52F000C4198 /* LaunchScreen.storyboard in Resources */,
				5F8CD7911DF6126E0003B73A /* NotificationViewController.xib in Resources */,
				5F2C4DFE1F4628E700C9D02A /* CounterViewController.xib in Resources */,
				5F2C4DF31F44AF2500C9D02A /* ExerciseTableViewCell.xib in Resources */,
				5F36DFE61F45CF3F005CD76B /* ExercisesTableView.xib in Resources */,
				A1C9C7A11DE3B45D00354D15 /* TimeTableViewCell.xib in Resources */,
			);
			runOnlyForDeploymentPostprocessing = 0;
		};
/* End PBXResourcesBuildPhase section */

/* Begin PBXShellScriptBuildPhase section */
		0DE56DFCDFD4C8C3D36FD096 /* [CP] Check Pods Manifest.lock */ = {
			isa = PBXShellScriptBuildPhase;
			buildActionMask = 2147483647;
			files = (
			);
			inputPaths = (
				"${PODS_PODFILE_DIR_PATH}/Podfile.lock",
				"${PODS_ROOT}/Manifest.lock",
			);
			name = "[CP] Check Pods Manifest.lock";
			outputPaths = (
				"$(DERIVED_FILE_DIR)/Pods-1and1.workout-checkManifestLockResult.txt",
			);
			runOnlyForDeploymentPostprocessing = 0;
			shellPath = /bin/sh;
			shellScript = "diff \"${PODS_PODFILE_DIR_PATH}/Podfile.lock\" \"${PODS_ROOT}/Manifest.lock\" > /dev/null\nif [ $? != 0 ] ; then\n    # print error to STDERR\n    echo \"error: The sandbox is not in sync with the Podfile.lock. Run 'pod install' or update your CocoaPods installation.\" >&2\n    exit 1\nfi\n# This output is used by Xcode 'outputs' to avoid re-running this script phase.\necho \"SUCCESS\" > \"${SCRIPT_OUTPUT_FILE_0}\"\n";
			showEnvVarsInLog = 0;
		};
		29FCCF30A9C56AF6285B56FE /* [CP] Copy Pods Resources */ = {
			isa = PBXShellScriptBuildPhase;
			buildActionMask = 2147483647;
			files = (
			);
			inputPaths = (
			);
			name = "[CP] Copy Pods Resources";
			outputPaths = (
			);
			runOnlyForDeploymentPostprocessing = 0;
			shellPath = /bin/sh;
			shellScript = "\"${SRCROOT}/Pods/Target Support Files/Pods-1and1.workout/Pods-1and1.workout-resources.sh\"\n";
			showEnvVarsInLog = 0;
		};
		F3715EBA9280DC79178C4BE1 /* [CP] Embed Pods Frameworks */ = {
			isa = PBXShellScriptBuildPhase;
			buildActionMask = 2147483647;
			files = (
			);
			inputPaths = (
				"${SRCROOT}/Pods/Target Support Files/Pods-1and1.workout/Pods-1and1.workout-frameworks.sh",
				"${BUILT_PRODUCTS_DIR}/PulsingHalo/PulsingHalo.framework",
				"${BUILT_PRODUCTS_DIR}/SQLite.swift/SQLite.framework",
				"${BUILT_PRODUCTS_DIR}/SwiftySound/SwiftySound.framework",
				"${BUILT_PRODUCTS_DIR}/YXWaveView/YXWaveView.framework",
			);
			name = "[CP] Embed Pods Frameworks";
			outputPaths = (
				"${TARGET_BUILD_DIR}/${FRAMEWORKS_FOLDER_PATH}/PulsingHalo.framework",
				"${TARGET_BUILD_DIR}/${FRAMEWORKS_FOLDER_PATH}/SQLite.framework",
				"${TARGET_BUILD_DIR}/${FRAMEWORKS_FOLDER_PATH}/SwiftySound.framework",
				"${TARGET_BUILD_DIR}/${FRAMEWORKS_FOLDER_PATH}/YXWaveView.framework",
			);
			runOnlyForDeploymentPostprocessing = 0;
			shellPath = /bin/sh;
			shellScript = "\"${SRCROOT}/Pods/Target Support Files/Pods-1and1.workout/Pods-1and1.workout-frameworks.sh\"\n";
			showEnvVarsInLog = 0;
		};
/* End PBXShellScriptBuildPhase section */

/* Begin PBXSourcesBuildPhase section */
		5F8E10611DC4E1270061A226 /* Sources */ = {
			isa = PBXSourcesBuildPhase;
			buildActionMask = 2147483647;
			files = (
				A1C9C7B41DE3B4E000354D15 /* TimeTableViewCell.swift in Sources */,
				A1C9C7AB1DE3B47D00354D15 /* ViewController.swift in Sources */,
				5F2C4DF81F44C4AE00C9D02A /* ExerciseTableViewCell.swift in Sources */,
				5F36DFE81F45E1D8005CD76B /* UIColorLib.swift in Sources */,
				5F2C4DF61F44B9C800C9D02A /* HardcodedModel.swift in Sources */,
				5F8CD7901DF6126E0003B73A /* NotificationViewController.swift in Sources */,
				A1C9C7A81DE3B47D00354D15 /* MainPageViewController.swift in Sources */,
				5F2C4DFD1F4628E700C9D02A /* CounterViewController.swift in Sources */,
				A1C9C7A71DE3B47D00354D15 /* AllEntriesViewController.swift in Sources */,
				5F2C4DFA1F45F9E700C9D02A /* Exercise.swift in Sources */,
				A1C9C7AD1DE3B48800354D15 /* AppDelegate.swift in Sources */,
				5FBB10731F42531800532914 /* ExercisesTableViewController.swift in Sources */,
				A162B44B1DE1C9D900CA60B5 /* SQLite.swift in Sources */,
			);
			runOnlyForDeploymentPostprocessing = 0;
		};
/* End PBXSourcesBuildPhase section */

/* Begin PBXVariantGroup section */
		A15558671DE3B52F000C4198 /* LaunchScreen.storyboard */ = {
			isa = PBXVariantGroup;
			children = (
				A15558681DE3B52F000C4198 /* Base */,
			);
			name = LaunchScreen.storyboard;
			sourceTree = "<group>";
		};
		A15558691DE3B52F000C4198 /* Main.storyboard */ = {
			isa = PBXVariantGroup;
			children = (
				A155586A1DE3B52F000C4198 /* Base */,
			);
			name = Main.storyboard;
			sourceTree = "<group>";
		};
/* End PBXVariantGroup section */

/* Begin XCBuildConfiguration section */
		5F8E10751DC4E1270061A226 /* Debug */ = {
			isa = XCBuildConfiguration;
			buildSettings = {
				ALWAYS_SEARCH_USER_PATHS = NO;
				CLANG_ANALYZER_NONNULL = YES;
				CLANG_CXX_LANGUAGE_STANDARD = "gnu++0x";
				CLANG_CXX_LIBRARY = "libc++";
				CLANG_ENABLE_MODULES = YES;
				CLANG_ENABLE_OBJC_ARC = YES;
				CLANG_WARN_BLOCK_CAPTURE_AUTORELEASING = YES;
				CLANG_WARN_BOOL_CONVERSION = YES;
				CLANG_WARN_COMMA = YES;
				CLANG_WARN_CONSTANT_CONVERSION = YES;
				CLANG_WARN_DIRECT_OBJC_ISA_USAGE = YES_ERROR;
				CLANG_WARN_DOCUMENTATION_COMMENTS = YES;
				CLANG_WARN_EMPTY_BODY = YES;
				CLANG_WARN_ENUM_CONVERSION = YES;
				CLANG_WARN_INFINITE_RECURSION = YES;
				CLANG_WARN_INT_CONVERSION = YES;
				CLANG_WARN_NON_LITERAL_NULL_CONVERSION = YES;
				CLANG_WARN_OBJC_LITERAL_CONVERSION = YES;
				CLANG_WARN_OBJC_ROOT_CLASS = YES_ERROR;
				CLANG_WARN_RANGE_LOOP_ANALYSIS = YES;
				CLANG_WARN_STRICT_PROTOTYPES = YES;
				CLANG_WARN_SUSPICIOUS_MOVE = YES;
				CLANG_WARN_SUSPICIOUS_MOVES = YES;
				CLANG_WARN_UNREACHABLE_CODE = YES;
				CLANG_WARN__DUPLICATE_METHOD_MATCH = YES;
				"CODE_SIGN_IDENTITY[sdk=iphoneos*]" = "iPhone Developer";
				COPY_PHASE_STRIP = NO;
				DEBUG_INFORMATION_FORMAT = dwarf;
				ENABLE_STRICT_OBJC_MSGSEND = YES;
				ENABLE_TESTABILITY = YES;
				GCC_C_LANGUAGE_STANDARD = gnu99;
				GCC_DYNAMIC_NO_PIC = NO;
				GCC_NO_COMMON_BLOCKS = YES;
				GCC_OPTIMIZATION_LEVEL = 0;
				GCC_PREPROCESSOR_DEFINITIONS = (
					"DEBUG=1",
					"$(inherited)",
				);
				GCC_WARN_64_TO_32_BIT_CONVERSION = YES;
				GCC_WARN_ABOUT_RETURN_TYPE = YES_ERROR;
				GCC_WARN_UNDECLARED_SELECTOR = YES;
				GCC_WARN_UNINITIALIZED_AUTOS = YES_AGGRESSIVE;
				GCC_WARN_UNUSED_FUNCTION = YES;
				GCC_WARN_UNUSED_VARIABLE = YES;
				IPHONEOS_DEPLOYMENT_TARGET = 9.0;
				MTL_ENABLE_DEBUG_INFO = YES;
				ONLY_ACTIVE_ARCH = YES;
				SDKROOT = iphoneos;
				SWIFT_ACTIVE_COMPILATION_CONDITIONS = DEBUG;
				SWIFT_OPTIMIZATION_LEVEL = "-Onone";
				TARGETED_DEVICE_FAMILY = "1,2";
			};
			name = Debug;
		};
		5F8E10761DC4E1270061A226 /* Release */ = {
			isa = XCBuildConfiguration;
			buildSettings = {
				ALWAYS_SEARCH_USER_PATHS = NO;
				CLANG_ANALYZER_NONNULL = YES;
				CLANG_CXX_LANGUAGE_STANDARD = "gnu++0x";
				CLANG_CXX_LIBRARY = "libc++";
				CLANG_ENABLE_MODULES = YES;
				CLANG_ENABLE_OBJC_ARC = YES;
				CLANG_WARN_BLOCK_CAPTURE_AUTORELEASING = YES;
				CLANG_WARN_BOOL_CONVERSION = YES;
				CLANG_WARN_COMMA = YES;
				CLANG_WARN_CONSTANT_CONVERSION = YES;
				CLANG_WARN_DIRECT_OBJC_ISA_USAGE = YES_ERROR;
				CLANG_WARN_DOCUMENTATION_COMMENTS = YES;
				CLANG_WARN_EMPTY_BODY = YES;
				CLANG_WARN_ENUM_CONVERSION = YES;
				CLANG_WARN_INFINITE_RECURSION = YES;
				CLANG_WARN_INT_CONVERSION = YES;
				CLANG_WARN_NON_LITERAL_NULL_CONVERSION = YES;
				CLANG_WARN_OBJC_LITERAL_CONVERSION = YES;
				CLANG_WARN_OBJC_ROOT_CLASS = YES_ERROR;
				CLANG_WARN_RANGE_LOOP_ANALYSIS = YES;
				CLANG_WARN_STRICT_PROTOTYPES = YES;
				CLANG_WARN_SUSPICIOUS_MOVE = YES;
				CLANG_WARN_SUSPICIOUS_MOVES = YES;
				CLANG_WARN_UNREACHABLE_CODE = YES;
				CLANG_WARN__DUPLICATE_METHOD_MATCH = YES;
				"CODE_SIGN_IDENTITY[sdk=iphoneos*]" = "iPhone Developer";
				COPY_PHASE_STRIP = NO;
				DEBUG_INFORMATION_FORMAT = "dwarf-with-dsym";
				ENABLE_NS_ASSERTIONS = NO;
				ENABLE_STRICT_OBJC_MSGSEND = YES;
				GCC_C_LANGUAGE_STANDARD = gnu99;
				GCC_NO_COMMON_BLOCKS = YES;
				GCC_WARN_64_TO_32_BIT_CONVERSION = YES;
				GCC_WARN_ABOUT_RETURN_TYPE = YES_ERROR;
				GCC_WARN_UNDECLARED_SELECTOR = YES;
				GCC_WARN_UNINITIALIZED_AUTOS = YES_AGGRESSIVE;
				GCC_WARN_UNUSED_FUNCTION = YES;
				GCC_WARN_UNUSED_VARIABLE = YES;
				IPHONEOS_DEPLOYMENT_TARGET = 9.0;
				MTL_ENABLE_DEBUG_INFO = NO;
				SDKROOT = iphoneos;
				SWIFT_OPTIMIZATION_LEVEL = "-Owholemodule";
				TARGETED_DEVICE_FAMILY = "1,2";
				VALIDATE_PRODUCT = YES;
			};
			name = Release;
		};
		5F8E10781DC4E1270061A226 /* Debug */ = {
			isa = XCBuildConfiguration;
			baseConfigurationReference = 09AB688A6C363E37FC135268 /* Pods-1and1.workout.debug.xcconfig */;
			buildSettings = {
				"CODE_SIGN_IDENTITY[sdk=iphoneos*]" = "iPhone Developer";
				DEVELOPMENT_TEAM = 6M95A8XHH3;
				INFOPLIST_FILE = "$(SRCROOT)/1and1.workout/Info.plist";
				IPHONEOS_DEPLOYMENT_TARGET = 10.1;
				LD_RUNPATH_SEARCH_PATHS = "$(inherited) @executable_path/Frameworks";
				PRODUCT_BUNDLE_IDENTIFIER = com.newlinecode.1and1.workout;
				PRODUCT_NAME = "$(TARGET_NAME)";
				SWIFT_OBJC_BRIDGING_HEADER = "";
				SWIFT_VERSION = 3.0;
				TARGETED_DEVICE_FAMILY = 1;
			};
			name = Debug;
		};
		5F8E10791DC4E1270061A226 /* Release */ = {
			isa = XCBuildConfiguration;
			baseConfigurationReference = 609029F3E09845ED0A283DE5 /* Pods-1and1.workout.release.xcconfig */;
			buildSettings = {
				"CODE_SIGN_IDENTITY[sdk=iphoneos*]" = "iPhone Developer";
				DEVELOPMENT_TEAM = 6M95A8XHH3;
				INFOPLIST_FILE = "$(SRCROOT)/1and1.workout/Info.plist";
				IPHONEOS_DEPLOYMENT_TARGET = 10.1;
				LD_RUNPATH_SEARCH_PATHS = "$(inherited) @executable_path/Frameworks";
				PRODUCT_BUNDLE_IDENTIFIER = com.newlinecode.1and1.workout;
				PRODUCT_NAME = "$(TARGET_NAME)";
				SWIFT_OBJC_BRIDGING_HEADER = "";
				SWIFT_VERSION = 3.0;
				TARGETED_DEVICE_FAMILY = 1;
			};
			name = Release;
		};
/* End XCBuildConfiguration section */

/* Begin XCConfigurationList section */
		5F8E10601DC4E1270061A226 /* Build configuration list for PBXProject "1and1.workout" */ = {
			isa = XCConfigurationList;
			buildConfigurations = (
				5F8E10751DC4E1270061A226 /* Debug */,
				5F8E10761DC4E1270061A226 /* Release */,
			);
			defaultConfigurationIsVisible = 0;
			defaultConfigurationName = Release;
		};
		5F8E10771DC4E1270061A226 /* Build configuration list for PBXNativeTarget "1and1.workout" */ = {
			isa = XCConfigurationList;
			buildConfigurations = (
				5F8E10781DC4E1270061A226 /* Debug */,
				5F8E10791DC4E1270061A226 /* Release */,
			);
			defaultConfigurationIsVisible = 0;
			defaultConfigurationName = Release;
		};
/* End XCConfigurationList section */
	};
	rootObject = 5F8E105D1DC4E1270061A226 /* Project object */;
}
